
Microsoft Visual Studio Solution File, Format Version 12.00
# Visual Studio Version 17
VisualStudioVersion = 17.14.36121.58
MinimumVisualStudioVersion = 10.0.40219.1
Project("{2150E333-8FDC-42A3-9474-1A3956D46DE8}") = "src", "src", "{02EA681E-C7D8-13C7-8484-4AC65E1B71E8}"
EndProject
Project("{2150E333-8FDC-42A3-9474-1A3956D46DE8}") = "tests", "tests", "{D673BC0A-D3E6-46B4-812B-431477C57AF8}"
EndProject
Project("{2150E333-8FDC-42A3-9474-1A3956D46DE8}") = "Backend", "Backend", "{A0CFEA15-7360-4626-8958-D54FDDB17B82}"
EndProject
Project("{2150E333-8FDC-42A3-9474-1A3956D46DE8}") = "Shared", "Shared", "{8A63F203-FABD-47DB-8038-F95FCE32C6C3}"
EndProject
Project("{FAE04EC0-301F-11D3-BF4B-00C04F79EFBC}") = "MyRecipeBook.API", "src\Backend\MyRecipeBook.API\MyRecipeBook.API.csproj", "{76FC2B09-B0F1-46CC-A0C8-028AC48D654D}"
EndProject
Project("{FAE04EC0-301F-11D3-BF4B-00C04F79EFBC}") = "MyRecipeBook.Application", "src\Backend\MyRecipeBook.Application\MyRecipeBook.Application\MyRecipeBook.Application.csproj", "{15205A91-9620-4C26-A432-B18364795364}"
EndProject
Project("{FAE04EC0-301F-11D3-BF4B-00C04F79EFBC}") = "MyRecipeBook.Domain", "src\Backend\MyRecipeBook.Domain\MyRecipeBook.Domain.csproj", "{CF459052-0F8F-47C1-A527-69D0A41A42ED}"
EndProject
Project("{FAE04EC0-301F-11D3-BF4B-00C04F79EFBC}") = "MyRecipeBook.Infrastructure", "src\Backend\MyRecipeBook.infrastructure\MyRecipeBook.Infrastructure.csproj", "{C4DC5245-5468-41DD-89D0-D7020C5C2CB4}"
EndProject
Project("{FAE04EC0-301F-11D3-BF4B-00C04F79EFBC}") = "MyRecipeBook.Communication", "src\Shared\MyRecioeBook.Communication\MyRecipeBook.Communication.csproj", "{92A36E8F-7106-47FD-9A84-57D81124BDD8}"
EndProject
Project("{FAE04EC0-301F-11D3-BF4B-00C04F79EFBC}") = "MyRecipeBook.Exceptions", "src\Shared\MyRecipeBook.Exceptions\MyRecipeBook.Exceptions.csproj", "{88B42426-048C-4A8D-AB65-D6532C161E2F}"
EndProject
Project("{FAE04EC0-301F-11D3-BF4B-00C04F79EFBC}") = "Validators.Test", "tests\Validators.Test\Validators.Test.csproj", "{83EC2DA8-114A-4A3D-B2BF-0E7D16E45343}"
EndProject
Project("{FAE04EC0-301F-11D3-BF4B-00C04F79EFBC}") = "CommonTestUtilities", "tests\CommonTestUtilities\CommonTestUtilities.csproj", "{E461EECB-47DF-4F7B-B1DA-CF8EFC3A8194}"
EndProject
Project("{FAE04EC0-301F-11D3-BF4B-00C04F79EFBC}") = "WebApi.Test", "tests\WebApi.Test\WebApi.Test.csproj", "{96E6211C-4C04-4609-8BF2-55A0F9138926}"
EndProject
Project("{FAE04EC0-301F-11D3-BF4B-00C04F79EFBC}") = "UseCases.Test", "tests\UseCases.Test\UseCases.Test.csproj", "{2F379407-38A0-451A-9F1D-051BD49C26D3}"
EndProject
Global
	GlobalSection(SolutionConfigurationPlatforms) = preSolution
		Debug|Any CPU = Debug|Any CPU
		Debug|x64 = Debug|x64
		Debug|x86 = Debug|x86
		Release|Any CPU = Release|Any CPU
		Release|x64 = Release|x64
		Release|x86 = Release|x86
	EndGlobalSection
	GlobalSection(ProjectConfigurationPlatforms) = postSolution
		{76FC2B09-B0F1-46CC-A0C8-028AC48D654D}.Debug|Any CPU.ActiveCfg = Debug|Any CPU
		{76FC2B09-B0F1-46CC-A0C8-028AC48D654D}.Debug|Any CPU.Build.0 = Debug|Any CPU
		{76FC2B09-B0F1-46CC-A0C8-028AC48D654D}.Debug|x64.ActiveCfg = Debug|Any CPU
		{76FC2B09-B0F1-46CC-A0C8-028AC48D654D}.Debug|x64.Build.0 = Debug|Any CPU
		{76FC2B09-B0F1-46CC-A0C8-028AC48D654D}.Debug|x86.ActiveCfg = Debug|Any CPU
		{76FC2B09-B0F1-46CC-A0C8-028AC48D654D}.Debug|x86.Build.0 = Debug|Any CPU
		{76FC2B09-B0F1-46CC-A0C8-028AC48D654D}.Release|Any CPU.ActiveCfg = Release|Any CPU
		{76FC2B09-B0F1-46CC-A0C8-028AC48D654D}.Release|Any CPU.Build.0 = Release|Any CPU
		{76FC2B09-B0F1-46CC-A0C8-028AC48D654D}.Release|x64.ActiveCfg = Release|Any CPU
		{76FC2B09-B0F1-46CC-A0C8-028AC48D654D}.Release|x64.Build.0 = Release|Any CPU
		{76FC2B09-B0F1-46CC-A0C8-028AC48D654D}.Release|x86.ActiveCfg = Release|Any CPU
		{76FC2B09-B0F1-46CC-A0C8-028AC48D654D}.Release|x86.Build.0 = Release|Any CPU
		{15205A91-9620-4C26-A432-B18364795364}.Debug|Any CPU.ActiveCfg = Debug|Any CPU
		{15205A91-9620-4C26-A432-B18364795364}.Debug|Any CPU.Build.0 = Debug|Any CPU
		{15205A91-9620-4C26-A432-B18364795364}.Debug|x64.ActiveCfg = Debug|Any CPU
		{15205A91-9620-4C26-A432-B18364795364}.Debug|x64.Build.0 = Debug|Any CPU
		{15205A91-9620-4C26-A432-B18364795364}.Debug|x86.ActiveCfg = Debug|Any CPU
		{15205A91-9620-4C26-A432-B18364795364}.Debug|x86.Build.0 = Debug|Any CPU
		{15205A91-9620-4C26-A432-B18364795364}.Release|Any CPU.ActiveCfg = Release|Any CPU
		{15205A91-9620-4C26-A432-B18364795364}.Release|Any CPU.Build.0 = Release|Any CPU
		{15205A91-9620-4C26-A432-B18364795364}.Release|x64.ActiveCfg = Release|Any CPU
		{15205A91-9620-4C26-A432-B18364795364}.Release|x64.Build.0 = Release|Any CPU
		{15205A91-9620-4C26-A432-B18364795364}.Release|x86.ActiveCfg = Release|Any CPU
		{15205A91-9620-4C26-A432-B18364795364}.Release|x86.Build.0 = Release|Any CPU
		{CF459052-0F8F-47C1-A527-69D0A41A42ED}.Debug|Any CPU.ActiveCfg = Debug|Any CPU
		{CF459052-0F8F-47C1-A527-69D0A41A42ED}.Debug|Any CPU.Build.0 = Debug|Any CPU
		{CF459052-0F8F-47C1-A527-69D0A41A42ED}.Debug|x64.ActiveCfg = Debug|Any CPU
		{CF459052-0F8F-47C1-A527-69D0A41A42ED}.Debug|x64.Build.0 = Debug|Any CPU
		{CF459052-0F8F-47C1-A527-69D0A41A42ED}.Debug|x86.ActiveCfg = Debug|Any CPU
		{CF459052-0F8F-47C1-A527-69D0A41A42ED}.Debug|x86.Build.0 = Debug|Any CPU
		{CF459052-0F8F-47C1-A527-69D0A41A42ED}.Release|Any CPU.ActiveCfg = Release|Any CPU
		{CF459052-0F8F-47C1-A527-69D0A41A42ED}.Release|Any CPU.Build.0 = Release|Any CPU
		{CF459052-0F8F-47C1-A527-69D0A41A42ED}.Release|x64.ActiveCfg = Release|Any CPU
		{CF459052-0F8F-47C1-A527-69D0A41A42ED}.Release|x64.Build.0 = Release|Any CPU
		{CF459052-0F8F-47C1-A527-69D0A41A42ED}.Release|x86.ActiveCfg = Release|Any CPU
		{CF459052-0F8F-47C1-A527-69D0A41A42ED}.Release|x86.Build.0 = Release|Any CPU
		{C4DC5245-5468-41DD-89D0-D7020C5C2CB4}.Debug|Any CPU.ActiveCfg = Debug|Any CPU
		{C4DC5245-5468-41DD-89D0-D7020C5C2CB4}.Debug|Any CPU.Build.0 = Debug|Any CPU
		{C4DC5245-5468-41DD-89D0-D7020C5C2CB4}.Debug|x64.ActiveCfg = Debug|Any CPU
		{C4DC5245-5468-41DD-89D0-D7020C5C2CB4}.Debug|x64.Build.0 = Debug|Any CPU
		{C4DC5245-5468-41DD-89D0-D7020C5C2CB4}.Debug|x86.ActiveCfg = Debug|Any CPU
		{C4DC5245-5468-41DD-89D0-D7020C5C2CB4}.Debug|x86.Build.0 = Debug|Any CPU
		{C4DC5245-5468-41DD-89D0-D7020C5C2CB4}.Release|Any CPU.ActiveCfg = Release|Any CPU
		{C4DC5245-5468-41DD-89D0-D7020C5C2CB4}.Release|Any CPU.Build.0 = Release|Any CPU
		{C4DC5245-5468-41DD-89D0-D7020C5C2CB4}.Release|x64.ActiveCfg = Release|Any CPU
		{C4DC5245-5468-41DD-89D0-D7020C5C2CB4}.Release|x64.Build.0 = Release|Any CPU
		{C4DC5245-5468-41DD-89D0-D7020C5C2CB4}.Release|x86.ActiveCfg = Release|Any CPU
		{C4DC5245-5468-41DD-89D0-D7020C5C2CB4}.Release|x86.Build.0 = Release|Any CPU
		{92A36E8F-7106-47FD-9A84-57D81124BDD8}.Debug|Any CPU.ActiveCfg = Debug|Any CPU
		{92A36E8F-7106-47FD-9A84-57D81124BDD8}.Debug|Any CPU.Build.0 = Debug|Any CPU
		{92A36E8F-7106-47FD-9A84-57D81124BDD8}.Debug|x64.ActiveCfg = Debug|Any CPU
		{92A36E8F-7106-47FD-9A84-57D81124BDD8}.Debug|x64.Build.0 = Debug|Any CPU
		{92A36E8F-7106-47FD-9A84-57D81124BDD8}.Debug|x86.ActiveCfg = Debug|Any CPU
		{92A36E8F-7106-47FD-9A84-57D81124BDD8}.Debug|x86.Build.0 = Debug|Any CPU
		{92A36E8F-7106-47FD-9A84-57D81124BDD8}.Release|Any CPU.ActiveCfg = Release|Any CPU
		{92A36E8F-7106-47FD-9A84-57D81124BDD8}.Release|Any CPU.Build.0 = Release|Any CPU
		{92A36E8F-7106-47FD-9A84-57D81124BDD8}.Release|x64.ActiveCfg = Release|Any CPU
		{92A36E8F-7106-47FD-9A84-57D81124BDD8}.Release|x64.Build.0 = Release|Any CPU
		{92A36E8F-7106-47FD-9A84-57D81124BDD8}.Release|x86.ActiveCfg = Release|Any CPU
		{92A36E8F-7106-47FD-9A84-57D81124BDD8}.Release|x86.Build.0 = Release|Any CPU
		{88B42426-048C-4A8D-AB65-D6532C161E2F}.Debug|Any CPU.ActiveCfg = Debug|Any CPU
		{88B42426-048C-4A8D-AB65-D6532C161E2F}.Debug|Any CPU.Build.0 = Debug|Any CPU
		{88B42426-048C-4A8D-AB65-D6532C161E2F}.Debug|x64.ActiveCfg = Debug|Any CPU
		{88B42426-048C-4A8D-AB65-D6532C161E2F}.Debug|x64.Build.0 = Debug|Any CPU
		{88B42426-048C-4A8D-AB65-D6532C161E2F}.Debug|x86.ActiveCfg = Debug|Any CPU
		{88B42426-048C-4A8D-AB65-D6532C161E2F}.Debug|x86.Build.0 = Debug|Any CPU
		{88B42426-048C-4A8D-AB65-D6532C161E2F}.Release|Any CPU.ActiveCfg = Release|Any CPU
		{88B42426-048C-4A8D-AB65-D6532C161E2F}.Release|Any CPU.Build.0 = Release|Any CPU
		{88B42426-048C-4A8D-AB65-D6532C161E2F}.Release|x64.ActiveCfg = Release|Any CPU
		{88B42426-048C-4A8D-AB65-D6532C161E2F}.Release|x64.Build.0 = Release|Any CPU
		{88B42426-048C-4A8D-AB65-D6532C161E2F}.Release|x86.ActiveCfg = Release|Any CPU
		{88B42426-048C-4A8D-AB65-D6532C161E2F}.Release|x86.Build.0 = Release|Any CPU
		{83EC2DA8-114A-4A3D-B2BF-0E7D16E45343}.Debug|Any CPU.ActiveCfg = Debug|Any CPU
		{83EC2DA8-114A-4A3D-B2BF-0E7D16E45343}.Debug|Any CPU.Build.0 = Debug|Any CPU
		{83EC2DA8-114A-4A3D-B2BF-0E7D16E45343}.Debug|x64.ActiveCfg = Debug|Any CPU
		{83EC2DA8-114A-4A3D-B2BF-0E7D16E45343}.Debug|x64.Build.0 = Debug|Any CPU
		{83EC2DA8-114A-4A3D-B2BF-0E7D16E45343}.Debug|x86.ActiveCfg = Debug|Any CPU
		{83EC2DA8-114A-4A3D-B2BF-0E7D16E45343}.Debug|x86.Build.0 = Debug|Any CPU
		{83EC2DA8-114A-4A3D-B2BF-0E7D16E45343}.Release|Any CPU.ActiveCfg = Release|Any CPU
		{83EC2DA8-114A-4A3D-B2BF-0E7D16E45343}.Release|Any CPU.Build.0 = Release|Any CPU
		{83EC2DA8-114A-4A3D-B2BF-0E7D16E45343}.Release|x64.ActiveCfg = Release|Any CPU
		{83EC2DA8-114A-4A3D-B2BF-0E7D16E45343}.Release|x64.Build.0 = Release|Any CPU
		{83EC2DA8-114A-4A3D-B2BF-0E7D16E45343}.Release|x86.ActiveCfg = Release|Any CPU
		{83EC2DA8-114A-4A3D-B2BF-0E7D16E45343}.Release|x86.Build.0 = Release|Any CPU
		{E461EECB-47DF-4F7B-B1DA-CF8EFC3A8194}.Debug|Any CPU.ActiveCfg = Debug|Any CPU
		{E461EECB-47DF-4F7B-B1DA-CF8EFC3A8194}.Debug|Any CPU.Build.0 = Debug|Any CPU
		{E461EECB-47DF-4F7B-B1DA-CF8EFC3A8194}.Debug|x64.ActiveCfg = Debug|Any CPU
		{E461EECB-47DF-4F7B-B1DA-CF8EFC3A8194}.Debug|x64.Build.0 = Debug|Any CPU
		{E461EECB-47DF-4F7B-B1DA-CF8EFC3A8194}.Debug|x86.ActiveCfg = Debug|Any CPU
		{E461EECB-47DF-4F7B-B1DA-CF8EFC3A8194}.Debug|x86.Build.0 = Debug|Any CPU
		{E461EECB-47DF-4F7B-B1DA-CF8EFC3A8194}.Release|Any CPU.ActiveCfg = Release|Any CPU
		{E461EECB-47DF-4F7B-B1DA-CF8EFC3A8194}.Release|Any CPU.Build.0 = Release|Any CPU
		{E461EECB-47DF-4F7B-B1DA-CF8EFC3A8194}.Release|x64.ActiveCfg = Release|Any CPU
		{E461EECB-47DF-4F7B-B1DA-CF8EFC3A8194}.Release|x64.Build.0 = Release|Any CPU
		{E461EECB-47DF-4F7B-B1DA-CF8EFC3A8194}.Release|x86.ActiveCfg = Release|Any CPU
		{E461EECB-47DF-4F7B-B1DA-CF8EFC3A8194}.Release|x86.Build.0 = Release|Any CPU
		{96E6211C-4C04-4609-8BF2-55A0F9138926}.Debug|Any CPU.ActiveCfg = Debug|Any CPU
		{96E6211C-4C04-4609-8BF2-55A0F9138926}.Debug|Any CPU.Build.0 = Debug|Any CPU
		{96E6211C-4C04-4609-8BF2-55A0F9138926}.Debug|x64.ActiveCfg = Debug|Any CPU
		{96E6211C-4C04-4609-8BF2-55A0F9138926}.Debug|x64.Build.0 = Debug|Any CPU
		{96E6211C-4C04-4609-8BF2-55A0F9138926}.Debug|x86.ActiveCfg = Debug|Any CPU
		{96E6211C-4C04-4609-8BF2-55A0F9138926}.Debug|x86.Build.0 = Debug|Any CPU
		{96E6211C-4C04-4609-8BF2-55A0F9138926}.Release|Any CPU.ActiveCfg = Release|Any CPU
		{96E6211C-4C04-4609-8BF2-55A0F9138926}.Release|Any CPU.Build.0 = Release|Any CPU
		{96E6211C-4C04-4609-8BF2-55A0F9138926}.Release|x64.ActiveCfg = Release|Any CPU
		{96E6211C-4C04-4609-8BF2-55A0F9138926}.Release|x64.Build.0 = Release|Any CPU
		{96E6211C-4C04-4609-8BF2-55A0F9138926}.Release|x86.ActiveCfg = Release|Any CPU
		{96E6211C-4C04-4609-8BF2-55A0F9138926}.Release|x86.Build.0 = Release|Any CPU
		{2F379407-38A0-451A-9F1D-051BD49C26D3}.Debug|Any CPU.ActiveCfg = Debug|Any CPU
		{2F379407-38A0-451A-9F1D-051BD49C26D3}.Debug|Any CPU.Build.0 = Debug|Any CPU
		{2F379407-38A0-451A-9F1D-051BD49C26D3}.Debug|x64.ActiveCfg = Debug|Any CPU
		{2F379407-38A0-451A-9F1D-051BD49C26D3}.Debug|x64.Build.0 = Debug|Any CPU
		{2F379407-38A0-451A-9F1D-051BD49C26D3}.Debug|x86.ActiveCfg = Debug|Any CPU
		{2F379407-38A0-451A-9F1D-051BD49C26D3}.Debug|x86.Build.0 = Debug|Any CPU
		{2F379407-38A0-451A-9F1D-051BD49C26D3}.Release|Any CPU.ActiveCfg = Release|Any CPU
		{2F379407-38A0-451A-9F1D-051BD49C26D3}.Release|Any CPU.Build.0 = Release|Any CPU
		{2F379407-38A0-451A-9F1D-051BD49C26D3}.Release|x64.ActiveCfg = Release|Any CPU
		{2F379407-38A0-451A-9F1D-051BD49C26D3}.Release|x64.Build.0 = Release|Any CPU
		{2F379407-38A0-451A-9F1D-051BD49C26D3}.Release|x86.ActiveCfg = Release|Any CPU
		{2F379407-38A0-451A-9F1D-051BD49C26D3}.Release|x86.Build.0 = Release|Any CPU
	EndGlobalSection
	GlobalSection(SolutionProperties) = preSolution
		HideSolutionNode = FALSE
	EndGlobalSection
	GlobalSection(NestedProjects) = preSolution
		{A0CFEA15-7360-4626-8958-D54FDDB17B82} = {02EA681E-C7D8-13C7-8484-4AC65E1B71E8}
		{8A63F203-FABD-47DB-8038-F95FCE32C6C3} = {02EA681E-C7D8-13C7-8484-4AC65E1B71E8}
		{76FC2B09-B0F1-46CC-A0C8-028AC48D654D} = {A0CFEA15-7360-4626-8958-D54FDDB17B82}
		{15205A91-9620-4C26-A432-B18364795364} = {A0CFEA15-7360-4626-8958-D54FDDB17B82}
		{CF459052-0F8F-47C1-A527-69D0A41A42ED} = {A0CFEA15-7360-4626-8958-D54FDDB17B82}
		{C4DC5245-5468-41DD-89D0-D7020C5C2CB4} = {A0CFEA15-7360-4626-8958-D54FDDB17B82}
		{92A36E8F-7106-47FD-9A84-57D81124BDD8} = {8A63F203-FABD-47DB-8038-F95FCE32C6C3}
		{88B42426-048C-4A8D-AB65-D6532C161E2F} = {8A63F203-FABD-47DB-8038-F95FCE32C6C3}
		{83EC2DA8-114A-4A3D-B2BF-0E7D16E45343} = {D673BC0A-D3E6-46B4-812B-431477C57AF8}
		{E461EECB-47DF-4F7B-B1DA-CF8EFC3A8194} = {D673BC0A-D3E6-46B4-812B-431477C57AF8}
		{96E6211C-4C04-4609-8BF2-55A0F9138926} = {D673BC0A-D3E6-46B4-812B-431477C57AF8}
		{2F379407-38A0-451A-9F1D-051BD49C26D3} = {D673BC0A-D3E6-46B4-812B-431477C57AF8}
	EndGlobalSection
	GlobalSection(ExtensibilityGlobals) = postSolution
		SolutionGuid = {C6F511EC-6CA3-4DD9-A9E3-18ED92EBAE73}
	EndGlobalSection
EndGlobal
